// !$*UTF8*$!
{
	archiveVersion = 1;
	classes = {
	};
	objectVersion = 55;
	objects = {

/* Begin PBXBuildFile section */
		413DE50A2874B39200CCF8E1 /* AppDelegate.m in Sources */ = {isa = PBXBuildFile; fileRef = 413DE5092874B39200CCF8E1 /* AppDelegate.m */; };
		413DE50D2874B39200CCF8E1 /* SceneDelegate.m in Sources */ = {isa = PBXBuildFile; fileRef = 413DE50C2874B39200CCF8E1 /* SceneDelegate.m */; };
		413DE5102874B39200CCF8E1 /* ViewController.m in Sources */ = {isa = PBXBuildFile; fileRef = 413DE50F2874B39200CCF8E1 /* ViewController.m */; };
		413DE5132874B39200CCF8E1 /* Main.storyboard in Resources */ = {isa = PBXBuildFile; fileRef = 413DE5112874B39200CCF8E1 /* Main.storyboard */; };
		413DE5152874B39400CCF8E1 /* Assets.xcassets in Resources */ = {isa = PBXBuildFile; fileRef = 413DE5142874B39400CCF8E1 /* Assets.xcassets */; };
		413DE5182874B39400CCF8E1 /* LaunchScreen.storyboard in Resources */ = {isa = PBXBuildFile; fileRef = 413DE5162874B39400CCF8E1 /* LaunchScreen.storyboard */; };
		413DE51B2874B39400CCF8E1 /* main.m in Sources */ = {isa = PBXBuildFile; fileRef = 413DE51A2874B39400CCF8E1 /* main.m */; };
		413DE5252874B39400CCF8E1 /* CalendarTests.m in Sources */ = {isa = PBXBuildFile; fileRef = 413DE5242874B39400CCF8E1 /* CalendarTests.m */; };
		413DE52F2874B39400CCF8E1 /* CalendarUITests.m in Sources */ = {isa = PBXBuildFile; fileRef = 413DE52E2874B39400CCF8E1 /* CalendarUITests.m */; };
		413DE5312874B39400CCF8E1 /* CalendarUITestsLaunchTests.m in Sources */ = {isa = PBXBuildFile; fileRef = 413DE5302874B39400CCF8E1 /* CalendarUITestsLaunchTests.m */; };
/* End PBXBuildFile section */

/* Begin PBXContainerItemProxy section */
		413DE5212874B39400CCF8E1 /* PBXContainerItemProxy */ = {
			isa = PBXContainerItemProxy;
			containerPortal = 413DE4FD2874B39200CCF8E1 /* Project object */;
			proxyType = 1;
			remoteGlobalIDString = 413DE5042874B39200CCF8E1;
			remoteInfo = Calendar;
		};
		413DE52B2874B39400CCF8E1 /* PBXContainerItemProxy */ = {
			isa = PBXContainerItemProxy;
			containerPortal = 413DE4FD2874B39200CCF8E1 /* Project object */;
			proxyType = 1;
			remoteGlobalIDString = 413DE5042874B39200CCF8E1;
			remoteInfo = Calendar;
		};
/* End PBXContainerItemProxy section */

/* Begin PBXFileReference section */
		413DE5052874B39200CCF8E1 /* Calendar.app */ = {isa = PBXFileReference; explicitFileType = wrapper.application; includeInIndex = 0; path = Calendar.app; sourceTree = BUILT_PRODUCTS_DIR; };
		413DE5082874B39200CCF8E1 /* AppDelegate.h */ = {isa = PBXFileReference; lastKnownFileType = sourcecode.c.h; path = AppDelegate.h; sourceTree = "<group>"; };
		413DE5092874B39200CCF8E1 /* AppDelegate.m */ = {isa = PBXFileReference; lastKnownFileType = sourcecode.c.objc; path = AppDelegate.m; sourceTree = "<group>"; };
		413DE50B2874B39200CCF8E1 /* SceneDelegate.h */ = {isa = PBXFileReference; lastKnownFileType = sourcecode.c.h; path = SceneDelegate.h; sourceTree = "<group>"; };
		413DE50C2874B39200CCF8E1 /* SceneDelegate.m */ = {isa = PBXFileReference; lastKnownFileType = sourcecode.c.objc; path = SceneDelegate.m; sourceTree = "<group>"; };
		413DE50E2874B39200CCF8E1 /* ViewController.h */ = {isa = PBXFileReference; lastKnownFileType = sourcecode.c.h; path = ViewController.h; sourceTree = "<group>"; };
		413DE50F2874B39200CCF8E1 /* ViewController.m */ = {isa = PBXFileReference; lastKnownFileType = sourcecode.c.objc; path = ViewController.m; sourceTree = "<group>"; };
		413DE5122874B39200CCF8E1 /* Base */ = {isa = PBXFileReference; lastKnownFileType = file.storyboard; name = Base; path = Base.lproj/Main.storyboard; sourceTree = "<group>"; };
		413DE5142874B39400CCF8E1 /* Assets.xcassets */ = {isa = PBXFileReference; lastKnownFileType = folder.assetcatalog; path = Assets.xcassets; sourceTree = "<group>"; };
		413DE5172874B39400CCF8E1 /* Base */ = {isa = PBXFileReference; lastKnownFileType = file.storyboard; name = Base; path = Base.lproj/LaunchScreen.storyboard; sourceTree = "<group>"; };
		413DE5192874B39400CCF8E1 /* Info.plist */ = {isa = PBXFileReference; lastKnownFileType = text.plist.xml; path = Info.plist; sourceTree = "<group>"; };
		413DE51A2874B39400CCF8E1 /* main.m */ = {isa = PBXFileReference; lastKnownFileType = sourcecode.c.objc; path = main.m; sourceTree = "<group>"; };
		413DE5202874B39400CCF8E1 /* CalendarTests.xctest */ = {isa = PBXFileReference; explicitFileType = wrapper.cfbundle; includeInIndex = 0; path = CalendarTests.xctest; sourceTree = BUILT_PRODUCTS_DIR; };
		413DE5242874B39400CCF8E1 /* CalendarTests.m */ = {isa = PBXFileReference; lastKnownFileType = sourcecode.c.objc; path = CalendarTests.m; sourceTree = "<group>"; };
		413DE52A2874B39400CCF8E1 /* CalendarUITests.xctest */ = {isa = PBXFileReference; explicitFileType = wrapper.cfbundle; includeInIndex = 0; path = CalendarUITests.xctest; sourceTree = BUILT_PRODUCTS_DIR; };
		413DE52E2874B39400CCF8E1 /* CalendarUITests.m */ = {isa = PBXFileReference; lastKnownFileType = sourcecode.c.objc; path = CalendarUITests.m; sourceTree = "<group>"; };
		413DE5302874B39400CCF8E1 /* CalendarUITestsLaunchTests.m */ = {isa = PBXFileReference; lastKnownFileType = sourcecode.c.objc; path = CalendarUITestsLaunchTests.m; sourceTree = "<group>"; };
/* End PBXFileReference section */

/* Begin PBXFrameworksBuildPhase section */
		413DE5022874B39200CCF8E1 /* Frameworks */ = {
			isa = PBXFrameworksBuildPhase;
			buildActionMask = 2147483647;
			files = (
			);
			runOnlyForDeploymentPostprocessing = 0;
		};
		413DE51D2874B39400CCF8E1 /* Frameworks */ = {
			isa = PBXFrameworksBuildPhase;
			buildActionMask = 2147483647;
			files = (
			);
			runOnlyForDeploymentPostprocessing = 0;
		};
		413DE5272874B39400CCF8E1 /* Frameworks */ = {
			isa = PBXFrameworksBuildPhase;
			buildActionMask = 2147483647;
			files = (
			);
			runOnlyForDeploymentPostprocessing = 0;
		};
/* End PBXFrameworksBuildPhase section */

/* Begin PBXGroup section */
		413DE4FC2874B39200CCF8E1 = {
			isa = PBXGroup;
			children = (
				413DE5072874B39200CCF8E1 /* Calendar */,
				413DE5232874B39400CCF8E1 /* CalendarTests */,
				413DE52D2874B39400CCF8E1 /* CalendarUITests */,
				413DE5062874B39200CCF8E1 /* Products */,
			);
			sourceTree = "<group>";
		};
		413DE5062874B39200CCF8E1 /* Products */ = {
			isa = PBXGroup;
			children = (
				413DE5052874B39200CCF8E1 /* Calendar.app */,
				413DE5202874B39400CCF8E1 /* CalendarTests.xctest */,
				413DE52A2874B39400CCF8E1 /* CalendarUITests.xctest */,
			);
			name = Products;
			sourceTree = "<group>";
		};
		413DE5072874B39200CCF8E1 /* Calendar */ = {
			isa = PBXGroup;
			children = (
				413DE5082874B39200CCF8E1 /* AppDelegate.h */,
				413DE5092874B39200CCF8E1 /* AppDelegate.m */,
				413DE50B2874B39200CCF8E1 /* SceneDelegate.h */,
				413DE50C2874B39200CCF8E1 /* SceneDelegate.m */,
				413DE50E2874B39200CCF8E1 /* ViewController.h */,
				413DE50F2874B39200CCF8E1 /* ViewController.m */,
				413DE5112874B39200CCF8E1 /* Main.storyboard */,
				413DE5142874B39400CCF8E1 /* Assets.xcassets */,
				413DE5162874B39400CCF8E1 /* LaunchScreen.storyboard */,
				413DE5192874B39400CCF8E1 /* Info.plist */,
				413DE51A2874B39400CCF8E1 /* main.m */,
			);
			path = Calendar;
			sourceTree = "<group>";
		};
		413DE5232874B39400CCF8E1 /* CalendarTests */ = {
			isa = PBXGroup;
			children = (
				413DE5242874B39400CCF8E1 /* CalendarTests.m */,
			);
			path = CalendarTests;
			sourceTree = "<group>";
		};
		413DE52D2874B39400CCF8E1 /* CalendarUITests */ = {
			isa = PBXGroup;
			children = (
				413DE52E2874B39400CCF8E1 /* CalendarUITests.m */,
				413DE5302874B39400CCF8E1 /* CalendarUITestsLaunchTests.m */,
			);
			path = CalendarUITests;
			sourceTree = "<group>";
		};
/* End PBXGroup section */

/* Begin PBXNativeTarget section */
		413DE5042874B39200CCF8E1 /* Calendar */ = {
			isa = PBXNativeTarget;
			buildConfigurationList = 413DE5342874B39400CCF8E1 /* Build configuration list for PBXNativeTarget "Calendar" */;
			buildPhases = (
				413DE5012874B39200CCF8E1 /* Sources */,
				413DE5022874B39200CCF8E1 /* Frameworks */,
				413DE5032874B39200CCF8E1 /* Resources */,
			);
			buildRules = (
			);
			dependencies = (
			);
			name = Calendar;
			productName = Calendar;
			productReference = 413DE5052874B39200CCF8E1 /* Calendar.app */;
			productType = "com.apple.product-type.application";
		};
		413DE51F2874B39400CCF8E1 /* CalendarTests */ = {
			isa = PBXNativeTarget;
			buildConfigurationList = 413DE5372874B39400CCF8E1 /* Build configuration list for PBXNativeTarget "CalendarTests" */;
			buildPhases = (
				413DE51C2874B39400CCF8E1 /* Sources */,
				413DE51D2874B39400CCF8E1 /* Frameworks */,
				413DE51E2874B39400CCF8E1 /* Resources */,
			);
			buildRules = (
			);
			dependencies = (
				413DE5222874B39400CCF8E1 /* PBXTargetDependency */,
			);
			name = CalendarTests;
			productName = CalendarTests;
			productReference = 413DE5202874B39400CCF8E1 /* CalendarTests.xctest */;
			productType = "com.apple.product-type.bundle.unit-test";
		};
		413DE5292874B39400CCF8E1 /* CalendarUITests */ = {
			isa = PBXNativeTarget;
			buildConfigurationList = 413DE53A2874B39400CCF8E1 /* Build configuration list for PBXNativeTarget "CalendarUITests" */;
			buildPhases = (
				413DE5262874B39400CCF8E1 /* Sources */,
				413DE5272874B39400CCF8E1 /* Frameworks */,
				413DE5282874B39400CCF8E1 /* Resources */,
			);
			buildRules = (
			);
			dependencies = (
				413DE52C2874B39400CCF8E1 /* PBXTargetDependency */,
			);
			name = CalendarUITests;
			productName = CalendarUITests;
			productReference = 413DE52A2874B39400CCF8E1 /* CalendarUITests.xctest */;
			productType = "com.apple.product-type.bundle.ui-testing";
		};
/* End PBXNativeTarget section */

/* Begin PBXProject section */
		413DE4FD2874B39200CCF8E1 /* Project object */ = {
			isa = PBXProject;
			attributes = {
				BuildIndependentTargetsInParallel = 1;
				LastUpgradeCheck = 1340;
				TargetAttributes = {
					413DE5042874B39200CCF8E1 = {
						CreatedOnToolsVersion = 13.4.1;
					};
					413DE51F2874B39400CCF8E1 = {
						CreatedOnToolsVersion = 13.4.1;
						TestTargetID = 413DE5042874B39200CCF8E1;
					};
					413DE5292874B39400CCF8E1 = {
						CreatedOnToolsVersion = 13.4.1;
						TestTargetID = 413DE5042874B39200CCF8E1;
					};
				};
			};
			buildConfigurationList = 413DE5002874B39200CCF8E1 /* Build configuration list for PBXProject "Calendar" */;
			compatibilityVersion = "Xcode 13.0";
			developmentRegion = en;
			hasScannedForEncodings = 0;
			knownRegions = (
				en,
				Base,
			);
			mainGroup = 413DE4FC2874B39200CCF8E1;
			productRefGroup = 413DE5062874B39200CCF8E1 /* Products */;
			projectDirPath = "";
			projectRoot = "";
			targets = (
				413DE5042874B39200CCF8E1 /* Calendar */,
				413DE51F2874B39400CCF8E1 /* CalendarTests */,
				413DE5292874B39400CCF8E1 /* CalendarUITests */,
			);
		};
/* End PBXProject section */

/* Begin PBXResourcesBuildPhase section */
		413DE5032874B39200CCF8E1 /* Resources */ = {
			isa = PBXResourcesBuildPhase;
			buildActionMask = 2147483647;
			files = (
				413DE5182874B39400CCF8E1 /* LaunchScreen.storyboard in Resources */,
				413DE5152874B39400CCF8E1 /* Assets.xcassets in Resources */,
				413DE5132874B39200CCF8E1 /* Main.storyboard in Resources */,
			);
			runOnlyForDeploymentPostprocessing = 0;
		};
		413DE51E2874B39400CCF8E1 /* Resources */ = {
			isa = PBXResourcesBuildPhase;
			buildActionMask = 2147483647;
			files = (
			);
			runOnlyForDeploymentPostprocessing = 0;
		};
		413DE5282874B39400CCF8E1 /* Resources */ = {
			isa = PBXResourcesBuildPhase;
			buildActionMask = 2147483647;
			files = (
			);
			runOnlyForDeploymentPostprocessing = 0;
		};
/* End PBXResourcesBuildPhase section */

/* Begin PBXSourcesBuildPhase section */
		413DE5012874B39200CCF8E1 /* Sources */ = {
			isa = PBXSourcesBuildPhase;
			buildActionMask = 2147483647;
			files = (
				413DE5102874B39200CCF8E1 /* ViewController.m in Sources */,
				413DE50A2874B39200CCF8E1 /* AppDelegate.m in Sources */,
				413DE51B2874B39400CCF8E1 /* main.m in Sources */,
				413DE50D2874B39200CCF8E1 /* SceneDelegate.m in Sources */,
			);
			runOnlyForDeploymentPostprocessing = 0;
		};
		413DE51C2874B39400CCF8E1 /* Sources */ = {
			isa = PBXSourcesBuildPhase;
			buildActionMask = 2147483647;
			files = (
				413DE5252874B39400CCF8E1 /* CalendarTests.m in Sources */,
			);
			runOnlyForDeploymentPostprocessing = 0;
		};
		413DE5262874B39400CCF8E1 /* Sources */ = {
			isa = PBXSourcesBuildPhase;
			buildActionMask = 2147483647;
			files = (
				413DE5312874B39400CCF8E1 /* CalendarUITestsLaunchTests.m in Sources */,
				413DE52F2874B39400CCF8E1 /* CalendarUITests.m in Sources */,
			);
			runOnlyForDeploymentPostprocessing = 0;
		};
/* End PBXSourcesBuildPhase section */

/* Begin PBXTargetDependency section */
		413DE5222874B39400CCF8E1 /* PBXTargetDependency */ = {
			isa = PBXTargetDependency;
			target = 413DE5042874B39200CCF8E1 /* Calendar */;
			targetProxy = 413DE5212874B39400CCF8E1 /* PBXContainerItemProxy */;
		};
		413DE52C2874B39400CCF8E1 /* PBXTargetDependency */ = {
			isa = PBXTargetDependency;
			target = 413DE5042874B39200CCF8E1 /* Calendar */;
			targetProxy = 413DE52B2874B39400CCF8E1 /* PBXContainerItemProxy */;
		};
/* End PBXTargetDependency section */

/* Begin PBXVariantGroup section */
		413DE5112874B39200CCF8E1 /* Main.storyboard */ = {
			isa = PBXVariantGroup;
			children = (
				413DE5122874B39200CCF8E1 /* Base */,
			);
			name = Main.storyboard;
			sourceTree = "<group>";
		};
		413DE5162874B39400CCF8E1 /* LaunchScreen.storyboard */ = {
			isa = PBXVariantGroup;
			children = (
				413DE5172874B39400CCF8E1 /* Base */,
			);
			name = LaunchScreen.storyboard;
			sourceTree = "<group>";
		};
/* End PBXVariantGroup section */

/* Begin XCBuildConfiguration section */
		413DE5322874B39400CCF8E1 /* Debug */ = {
			isa = XCBuildConfiguration;
			buildSettings = {
				ALWAYS_SEARCH_USER_PATHS = NO;
				CLANG_ANALYZER_NONNULL = YES;
				CLANG_ANALYZER_NUMBER_OBJECT_CONVERSION = YES_AGGRESSIVE;
				CLANG_CXX_LANGUAGE_STANDARD = "gnu++17";
				CLANG_ENABLE_MODULES = YES;
				CLANG_ENABLE_OBJC_ARC = YES;
				CLANG_ENABLE_OBJC_WEAK = YES;
				CLANG_WARN_BLOCK_CAPTURE_AUTORELEASING = YES;
				CLANG_WARN_BOOL_CONVERSION = YES;
				CLANG_WARN_COMMA = YES;
				CLANG_WARN_CONSTANT_CONVERSION = YES;
				CLANG_WARN_DEPRECATED_OBJC_IMPLEMENTATIONS = YES;
				CLANG_WARN_DIRECT_OBJC_ISA_USAGE = YES_ERROR;
				CLANG_WARN_DOCUMENTATION_COMMENTS = YES;
				CLANG_WARN_EMPTY_BODY = YES;
				CLANG_WARN_ENUM_CONVERSION = YES;
				CLANG_WARN_INFINITE_RECURSION = YES;
				CLANG_WARN_INT_CONVERSION = YES;
				CLANG_WARN_NON_LITERAL_NULL_CONVERSION = YES;
				CLANG_WARN_OBJC_IMPLICIT_RETAIN_SELF = YES;
				CLANG_WARN_OBJC_LITERAL_CONVERSION = YES;
				CLANG_WARN_OBJC_ROOT_CLASS = YES_ERROR;
				CLANG_WARN_QUOTED_INCLUDE_IN_FRAMEWORK_HEADER = YES;
				CLANG_WARN_RANGE_LOOP_ANALYSIS = YES;
				CLANG_WARN_STRICT_PROTOTYPES = YES;
				CLANG_WARN_SUSPICIOUS_MOVE = YES;
				CLANG_WARN_UNGUARDED_AVAILABILITY = YES_AGGRESSIVE;
				CLANG_WARN_UNREACHABLE_CODE = YES;
				CLANG_WARN__DUPLICATE_METHOD_MATCH = YES;
				COPY_PHASE_STRIP = NO;
				DEBUG_INFORMATION_FORMAT = dwarf;
				ENABLE_STRICT_OBJC_MSGSEND = YES;
				ENABLE_TESTABILITY = YES;
				GCC_C_LANGUAGE_STANDARD = gnu11;
				GCC_DYNAMIC_NO_PIC = NO;
				GCC_NO_COMMON_BLOCKS = YES;
				GCC_OPTIMIZATION_LEVEL = 0;
				GCC_PREPROCESSOR_DEFINITIONS = (
					"DEBUG=1",
					"$(inherited)",
				);
				GCC_WARN_64_TO_32_BIT_CONVERSION = YES;
				GCC_WARN_ABOUT_RETURN_TYPE = YES_ERROR;
				GCC_WARN_UNDECLARED_SELECTOR = YES;
				GCC_WARN_UNINITIALIZED_AUTOS = YES_AGGRESSIVE;
				GCC_WARN_UNUSED_FUNCTION = YES;
				GCC_WARN_UNUSED_VARIABLE = YES;
				IPHONEOS_DEPLOYMENT_TARGET = 15.5;
				MTL_ENABLE_DEBUG_INFO = INCLUDE_SOURCE;
				MTL_FAST_MATH = YES;
				ONLY_ACTIVE_ARCH = YES;
				SDKROOT = iphoneos;
			};
			name = Debug;
		};
		413DE5332874B39400CCF8E1 /* Release */ = {
			isa = XCBuildConfiguration;
			buildSettings = {
				ALWAYS_SEARCH_USER_PATHS = NO;
				CLANG_ANALYZER_NONNULL = YES;
				CLANG_ANALYZER_NUMBER_OBJECT_CONVERSION = YES_AGGRESSIVE;
				CLANG_CXX_LANGUAGE_STANDARD = "gnu++17";
				CLANG_ENABLE_MODULES = YES;
				CLANG_ENABLE_OBJC_ARC = YES;
				CLANG_ENABLE_OBJC_WEAK = YES;
				CLANG_WARN_BLOCK_CAPTURE_AUTORELEASING = YES;
				CLANG_WARN_BOOL_CONVERSION = YES;
				CLANG_WARN_COMMA = YES;
				CLANG_WARN_CONSTANT_CONVERSION = YES;
				CLANG_WARN_DEPRECATED_OBJC_IMPLEMENTATIONS = YES;
				CLANG_WARN_DIRECT_OBJC_ISA_USAGE = YES_ERROR;
				CLANG_WARN_DOCUMENTATION_COMMENTS = YES;
				CLANG_WARN_EMPTY_BODY = YES;
				CLANG_WARN_ENUM_CONVERSION = YES;
				CLANG_WARN_INFINITE_RECURSION = YES;
				CLANG_WARN_INT_CONVERSION = YES;
				CLANG_WARN_NON_LITERAL_NULL_CONVERSION = YES;
				CLANG_WARN_OBJC_IMPLICIT_RETAIN_SELF = YES;
				CLANG_WARN_OBJC_LITERAL_CONVERSION = YES;
				CLANG_WARN_OBJC_ROOT_CLASS = YES_ERROR;
				CLANG_WARN_QUOTED_INCLUDE_IN_FRAMEWORK_HEADER = YES;
				CLANG_WARN_RANGE_LOOP_ANALYSIS = YES;
				CLANG_WARN_STRICT_PROTOTYPES = YES;
				CLANG_WARN_SUSPICIOUS_MOVE = YES;
				CLANG_WARN_UNGUARDED_AVAILABILITY = YES_AGGRESSIVE;
				CLANG_WARN_UNREACHABLE_CODE = YES;
				CLANG_WARN__DUPLICATE_METHOD_MATCH = YES;
				COPY_PHASE_STRIP = NO;
				DEBUG_INFORMATION_FORMAT = "dwarf-with-dsym";
				ENABLE_NS_ASSERTIONS = NO;
				ENABLE_STRICT_OBJC_MSGSEND = YES;
				GCC_C_LANGUAGE_STANDARD = gnu11;
				GCC_NO_COMMON_BLOCKS = YES;
				GCC_WARN_64_TO_32_BIT_CONVERSION = YES;
				GCC_WARN_ABOUT_RETURN_TYPE = YES_ERROR;
				GCC_WARN_UNDECLARED_SELECTOR = YES;
				GCC_WARN_UNINITIALIZED_AUTOS = YES_AGGRESSIVE;
				GCC_WARN_UNUSED_FUNCTION = YES;
				GCC_WARN_UNUSED_VARIABLE = YES;
				IPHONEOS_DEPLOYMENT_TARGET = 15.5;
				MTL_ENABLE_DEBUG_INFO = NO;
				MTL_FAST_MATH = YES;
				SDKROOT = iphoneos;
				VALIDATE_PRODUCT = YES;
			};
			name = Release;
		};
		413DE5352874B39400CCF8E1 /* Debug */ = {
			isa = XCBuildConfiguration;
			buildSettings = {
				ASSETCATALOG_COMPILER_APPICON_NAME = AppIcon;
				ASSETCATALOG_COMPILER_GLOBAL_ACCENT_COLOR_NAME = AccentColor;
				CODE_SIGN_STYLE = Automatic;
				CURRENT_PROJECT_VERSION = 1;
				DEVELOPMENT_TEAM = 3AU6YJ5LJW;
				GENERATE_INFOPLIST_FILE = YES;
				INFOPLIST_FILE = Calendar/Info.plist;
				INFOPLIST_KEY_UIApplicationSupportsIndirectInputEvents = YES;
				INFOPLIST_KEY_UILaunchStoryboardName = LaunchScreen;
				INFOPLIST_KEY_UIMainStoryboardFile = Main;
				INFOPLIST_KEY_UISupportedInterfaceOrientations_iPad = "UIInterfaceOrientationPortrait UIInterfaceOrientationPortraitUpsideDown UIInterfaceOrientationLandscapeLeft UIInterfaceOrientationLandscapeRight";
				INFOPLIST_KEY_UISupportedInterfaceOrientations_iPhone = "UIInterfaceOrientationPortrait UIInterfaceOrientationLandscapeLeft UIInterfaceOrientationLandscapeRight";
				LD_RUNPATH_SEARCH_PATHS = (
					"$(inherited)",
					"@executable_path/Frameworks",
				);
				MARKETING_VERSION = 1.0;
				PRODUCT_BUNDLE_IDENTIFIER = com.codepath.Calendar;
				PRODUCT_NAME = "$(TARGET_NAME)";
				SWIFT_EMIT_LOC_STRINGS = YES;
				TARGETED_DEVICE_FAMILY = "1,2";
			};
			name = Debug;
		};
		413DE5362874B39400CCF8E1 /* Release */ = {
			isa = XCBuildConfiguration;
			buildSettings = {
				ASSETCATALOG_COMPILER_APPICON_NAME = AppIcon;
				ASSETCATALOG_COMPILER_GLOBAL_ACCENT_COLOR_NAME = AccentColor;
				CODE_SIGN_STYLE = Automatic;
				CURRENT_PROJECT_VERSION = 1;
				DEVELOPMENT_TEAM = 3AU6YJ5LJW;
				GENERATE_INFOPLIST_FILE = YES;
				INFOPLIST_FILE = Calendar/Info.plist;
				INFOPLIST_KEY_UIApplicationSupportsIndirectInputEvents = YES;
				INFOPLIST_KEY_UILaunchStoryboardName = LaunchScreen;
				INFOPLIST_KEY_UIMainStoryboardFile = Main;
				INFOPLIST_KEY_UISupportedInterfaceOrientations_iPad = "UIInterfaceOrientationPortrait UIInterfaceOrientationPortraitUpsideDown UIInterfaceOrientationLandscapeLeft UIInterfaceOrientationLandscapeRight";
				INFOPLIST_KEY_UISupportedInterfaceOrientations_iPhone = "UIInterfaceOrientationPortrait UIInterfaceOrientationLandscapeLeft UIInterfaceOrientationLandscapeRight";
				LD_RUNPATH_SEARCH_PATHS = (
					"$(inherited)",
					"@executable_path/Frameworks",
				);
				MARKETING_VERSION = 1.0;
				PRODUCT_BUNDLE_IDENTIFIER = com.codepath.Calendar;
				PRODUCT_NAME = "$(TARGET_NAME)";
				SWIFT_EMIT_LOC_STRINGS = YES;
				TARGETED_DEVICE_FAMILY = "1,2";
			};
			name = Release;
		};
		413DE5382874B39400CCF8E1 /* Debug */ = {
			isa = XCBuildConfiguration;
			buildSettings = {
				BUNDLE_LOADER = "$(TEST_HOST)";
				CODE_SIGN_STYLE = Automatic;
				CURRENT_PROJECT_VERSION = 1;
				DEVELOPMENT_TEAM = 3AU6YJ5LJW;
				GENERATE_INFOPLIST_FILE = YES;
				IPHONEOS_DEPLOYMENT_TARGET = 15.5;
				MARKETING_VERSION = 1.0;
				PRODUCT_BUNDLE_IDENTIFIER = com.codepath.CalendarTests;
				PRODUCT_NAME = "$(TARGET_NAME)";
				SWIFT_EMIT_LOC_STRINGS = NO;
				TARGETED_DEVICE_FAMILY = "1,2";
				TEST_HOST = "$(BUILT_PRODUCTS_DIR)/Calendar.app/Calendar";
			};
			name = Debug;
		};
		413DE5392874B39400CCF8E1 /* Release */ = {
			isa = XCBuildConfiguration;
			buildSettings = {
				BUNDLE_LOADER = "$(TEST_HOST)";
				CODE_SIGN_STYLE = Automatic;
				CURRENT_PROJECT_VERSION = 1;
				DEVELOPMENT_TEAM = 3AU6YJ5LJW;
				GENERATE_INFOPLIST_FILE = YES;
				IPHONEOS_DEPLOYMENT_TARGET = 15.5;
				MARKETING_VERSION = 1.0;
				PRODUCT_BUNDLE_IDENTIFIER = com.codepath.CalendarTests;
				PRODUCT_NAME = "$(TARGET_NAME)";
				SWIFT_EMIT_LOC_STRINGS = NO;
				TARGETED_DEVICE_FAMILY = "1,2";
				TEST_HOST = "$(BUILT_PRODUCTS_DIR)/Calendar.app/Calendar";
			};
			name = Release;
		};
		413DE53B2874B39400CCF8E1 /* Debug */ = {
			isa = XCBuildConfiguration;
			buildSettings = {
				CODE_SIGN_STYLE = Automatic;
				CURRENT_PROJECT_VERSION = 1;
				DEVELOPMENT_TEAM = 3AU6YJ5LJW;
				GENERATE_INFOPLIST_FILE = YES;
				MARKETING_VERSION = 1.0;
				PRODUCT_BUNDLE_IDENTIFIER = com.codepath.CalendarUITests;
				PRODUCT_NAME = "$(TARGET_NAME)";
				SWIFT_EMIT_LOC_STRINGS = NO;
				TARGETED_DEVICE_FAMILY = "1,2";
				TEST_TARGET_NAME = Calendar;
			};
			name = Debug;
		};
		413DE53C2874B39400CCF8E1 /* Release */ = {
			isa = XCBuildConfiguration;
			buildSettings = {
				CODE_SIGN_STYLE = Automatic;
				CURRENT_PROJECT_VERSION = 1;
				DEVELOPMENT_TEAM = 3AU6YJ5LJW;
				GENERATE_INFOPLIST_FILE = YES;
				MARKETING_VERSION = 1.0;
				PRODUCT_BUNDLE_IDENTIFIER = com.codepath.CalendarUITests;
				PRODUCT_NAME = "$(TARGET_NAME)";
				SWIFT_EMIT_LOC_STRINGS = NO;
				TARGETED_DEVICE_FAMILY = "1,2";
				TEST_TARGET_NAME = Calendar;
			};
			name = Release;
		};
/* End XCBuildConfiguration section */

/* Begin XCConfigurationList section */
		413DE5002874B39200CCF8E1 /* Build configuration list for PBXProject "Calendar" */ = {
			isa = XCConfigurationList;
			buildConfigurations = (
				413DE5322874B39400CCF8E1 /* Debug */,
				413DE5332874B39400CCF8E1 /* Release */,
			);
			defaultConfigurationIsVisible = 0;
			defaultConfigurationName = Release;
		};
		413DE5342874B39400CCF8E1 /* Build configuration list for PBXNativeTarget "Calendar" */ = {
			isa = XCConfigurationList;
			buildConfigurations = (
				413DE5352874B39400CCF8E1 /* Debug */,
				413DE5362874B39400CCF8E1 /* Release */,
			);
			defaultConfigurationIsVisible = 0;
			defaultConfigurationName = Release;
		};
		413DE5372874B39400CCF8E1 /* Build configuration list for PBXNativeTarget "CalendarTests" */ = {
			isa = XCConfigurationList;
			buildConfigurations = (
				413DE5382874B39400CCF8E1 /* Debug */,
				413DE5392874B39400CCF8E1 /* Release */,
			);
			defaultConfigurationIsVisible = 0;
			defaultConfigurationName = Release;
		};
		413DE53A2874B39400CCF8E1 /* Build configuration list for PBXNativeTarget "CalendarUITests" */ = {
			isa = XCConfigurationList;
			buildConfigurations = (
				413DE53B2874B39400CCF8E1 /* Debug */,
				413DE53C2874B39400CCF8E1 /* Release */,
			);
			defaultConfigurationIsVisible = 0;
			defaultConfigurationName = Release;
		};
/* End XCConfigurationList section */
	};
	rootObject = 413DE4FD2874B39200CCF8E1 /* Project object */;
}
